
Microsoft Visual Studio Solution File, Format Version 12.00
# Visual Studio Version 16
VisualStudioVersion = 16.0.29306.81
MinimumVisualStudioVersion = 10.0.40219.1
Project("{FAE04EC0-301F-11D3-BF4B-00C04F79EFBC}") = "Open-AudIT", "Open-AudIT.csproj", "{D636B0AF-E22F-49FD-980F-7A4FFFCE71F4}"
EndProject
Global
	GlobalSection(SolutionConfigurationPlatforms) = preSolution
		Debug|Any CPU = Debug|Any CPU
		Release|Any CPU = Release|Any CPU
	EndGlobalSection
	GlobalSection(ProjectConfigurationPlatforms) = postSolution
		{D636B0AF-E22F-49FD-980F-7A4FFFCE71F4}.Debug|Any CPU.ActiveCfg = Debug|Any CPU
		{D636B0AF-E22F-49FD-980F-7A4FFFCE71F4}.Debug|Any CPU.Build.0 = Debug|Any CPU
		{D636B0AF-E22F-49FD-980F-7A4FFFCE71F4}.Release|Any CPU.ActiveCfg = Release|Any CPU
		{D636B0AF-E22F-49FD-980F-7A4FFFCE71F4}.Release|Any CPU.Build.0 = Release|Any CPU
	EndGlobalSection
	GlobalSection(SolutionProperties) = preSolution
		HideSolutionNode = FALSE
	EndGlobalSection
	GlobalSection(ExtensibilityGlobals) = postSolution
		SolutionGuid = {6B3B6F4F-A7CA-495C-B0A8-55BBD0962500}
	EndGlobalSection
EndGlobal
